
Microsoft Visual Studio Solution File, Format Version 12.00
# Visual Studio Version 17
VisualStudioVersion = 17.9.34616.47
MinimumVisualStudioVersion = 10.0.40219.1
Project("{9A19103F-16F7-4668-BE54-9A1E7A4F7556}") = "bidtube.Api", "bidtube.Api\bidtube.Api.csproj", "{4447C448-F151-4203-800D-8D5C088E86B0}"
EndProject
Project("{9A19103F-16F7-4668-BE54-9A1E7A4F7556}") = "bidtube.Application", "bidtube.Application\bidtube.Application.csproj", "{06EC178F-A623-4209-A529-1564F374C5AD}"
EndProject
Project("{9A19103F-16F7-4668-BE54-9A1E7A4F7556}") = "bidtube.Domain", "bidtube.Domain\bidtube.Domain.csproj", "{BBB892D4-11C1-4BF0-8EA3-26EFCC60B6D1}"
EndProject
Project("{9A19103F-16F7-4668-BE54-9A1E7A4F7556}") = "bidtube.Infrastructure", "bidtube.Infrastructure\bidtube.Infrastructure.csproj", "{345D46B0-99FB-499E-BFA1-65E288DFD866}"
EndProject
Global
	GlobalSection(SolutionConfigurationPlatforms) = preSolution
		Debug|Any CPU = Debug|Any CPU
		Release|Any CPU = Release|Any CPU
	EndGlobalSection
	GlobalSection(ProjectConfigurationPlatforms) = postSolution
		{4447C448-F151-4203-800D-8D5C088E86B0}.Debug|Any CPU.ActiveCfg = Debug|Any CPU
		{4447C448-F151-4203-800D-8D5C088E86B0}.Debug|Any CPU.Build.0 = Debug|Any CPU
		{4447C448-F151-4203-800D-8D5C088E86B0}.Release|Any CPU.ActiveCfg = Release|Any CPU
		{4447C448-F151-4203-800D-8D5C088E86B0}.Release|Any CPU.Build.0 = Release|Any CPU
		{06EC178F-A623-4209-A529-1564F374C5AD}.Debug|Any CPU.ActiveCfg = Debug|Any CPU
		{06EC178F-A623-4209-A529-1564F374C5AD}.Debug|Any CPU.Build.0 = Debug|Any CPU
		{06EC178F-A623-4209-A529-1564F374C5AD}.Release|Any CPU.ActiveCfg = Release|Any CPU
		{06EC178F-A623-4209-A529-1564F374C5AD}.Release|Any CPU.Build.0 = Release|Any CPU
		{BBB892D4-11C1-4BF0-8EA3-26EFCC60B6D1}.Debug|Any CPU.ActiveCfg = Debug|Any CPU
		{BBB892D4-11C1-4BF0-8EA3-26EFCC60B6D1}.Debug|Any CPU.Build.0 = Debug|Any CPU
		{BBB892D4-11C1-4BF0-8EA3-26EFCC60B6D1}.Release|Any CPU.ActiveCfg = Release|Any CPU
		{BBB892D4-11C1-4BF0-8EA3-26EFCC60B6D1}.Release|Any CPU.Build.0 = Release|Any CPU
		{345D46B0-99FB-499E-BFA1-65E288DFD866}.Debug|Any CPU.ActiveCfg = Debug|Any CPU
		{345D46B0-99FB-499E-BFA1-65E288DFD866}.Debug|Any CPU.Build.0 = Debug|Any CPU
		{345D46B0-99FB-499E-BFA1-65E288DFD866}.Release|Any CPU.ActiveCfg = Release|Any CPU
		{345D46B0-99FB-499E-BFA1-65E288DFD866}.Release|Any CPU.Build.0 = Release|Any CPU
	EndGlobalSection
	GlobalSection(SolutionProperties) = preSolution
		HideSolutionNode = FALSE
	EndGlobalSection
	GlobalSection(ExtensibilityGlobals) = postSolution
		SolutionGuid = {0EC5AE3A-D1E4-4D9C-87B0-E110C970D81A}
	EndGlobalSection
EndGlobal
